// !$*UTF8*$!
{
	archiveVersion = 1;
	classes = {
	};
	objectVersion = 48;
	objects = {

/* Begin PBXBuildFile section */
		7A1E845B202A33A6007B6444 /* ArrayTester.cpp in Sources */ = {isa = PBXBuildFile; fileRef = 7A1E8459202A33A6007B6444 /* ArrayTester.cpp */; };
		7AD13D2C202243BF00E3DDB4 /* Controller.cpp in Sources */ = {isa = PBXBuildFile; fileRef = 7AD13D2A202243BF00E3DDB4 /* Controller.cpp */; };
		7AD13D2E202243D200E3DDB4 /* Runner.cpp in Sources */ = {isa = PBXBuildFile; fileRef = 7AD13D2D202243D200E3DDB4 /* Runner.cpp */; };
		7AD13D33202246E000E3DDB4 /* Timer.cpp in Sources */ = {isa = PBXBuildFile; fileRef = 7AD13D31202246E000E3DDB4 /* Timer.cpp */; };
		7AD13D3720224D1C00E3DDB4 /* CrimeData.cpp in Sources */ = {isa = PBXBuildFile; fileRef = 7AD13D3520224D1C00E3DDB4 /* CrimeData.cpp */; };
		7AD13D3B20224DD300E3DDB4 /* FileController.cpp in Sources */ = {isa = PBXBuildFile; fileRef = 7AD13D3920224DD300E3DDB4 /* FileController.cpp */; };
/* End PBXBuildFile section */

/* Begin PBXCopyFilesBuildPhase section */
		7AD13D1D2022434900E3DDB4 /* CopyFiles */ = {
			isa = PBXCopyFilesBuildPhase;
			buildActionMask = 2147483647;
			dstPath = /usr/share/man/man1/;
			dstSubfolderSpec = 0;
			files = (
			);
			runOnlyForDeploymentPostprocessing = 1;
		};
/* End PBXCopyFilesBuildPhase section */

/* Begin PBXFileReference section */
		7A1E8459202A33A6007B6444 /* ArrayTester.cpp */ = {isa = PBXFileReference; lastKnownFileType = sourcecode.cpp.cpp; path = ArrayTester.cpp; sourceTree = "<group>"; };
		7A1E845A202A33A6007B6444 /* ArrayTester.hpp */ = {isa = PBXFileReference; lastKnownFileType = sourcecode.cpp.h; path = ArrayTester.hpp; sourceTree = "<group>"; };
		7A1E845D202A41CA007B6444 /* Node.hpp */ = {isa = PBXFileReference; lastKnownFileType = sourcecode.cpp.h; path = Node.hpp; sourceTree = "<group>"; };
		7A1E845E202A43C2007B6444 /* LinearNode.hpp */ = {isa = PBXFileReference; lastKnownFileType = sourcecode.cpp.h; path = LinearNode.hpp; sourceTree = "<group>"; };
		7A2CE03A2024EE4D003186DE /* Array.hpp */ = {isa = PBXFileReference; lastKnownFileType = sourcecode.cpp.h; path = Array.hpp; sourceTree = "<group>"; };
		7A5F85A2202CD72A00C71FB0 /* Node UML.uxf */ = {isa = PBXFileReference; fileEncoding = 4; lastKnownFileType = text.xml; path = "Node UML.uxf"; sourceTree = SOURCE_ROOT; };
		7AD13D1F2022434900E3DDB4 /* DataStructureProject */ = {isa = PBXFileReference; explicitFileType = "compiled.mach-o.executable"; includeInIndex = 0; path = DataStructureProject; sourceTree = BUILT_PRODUCTS_DIR; };
		7AD13D2A202243BF00E3DDB4 /* Controller.cpp */ = {isa = PBXFileReference; lastKnownFileType = sourcecode.cpp.cpp; path = Controller.cpp; sourceTree = "<group>"; };
		7AD13D2B202243BF00E3DDB4 /* Controller.hpp */ = {isa = PBXFileReference; lastKnownFileType = sourcecode.cpp.h; path = Controller.hpp; sourceTree = "<group>"; };
		7AD13D2D202243D200E3DDB4 /* Runner.cpp */ = {isa = PBXFileReference; lastKnownFileType = sourcecode.cpp.cpp; path = Runner.cpp; sourceTree = "<group>"; };
		7AD13D31202246E000E3DDB4 /* Timer.cpp */ = {isa = PBXFileReference; lastKnownFileType = sourcecode.cpp.cpp; path = Timer.cpp; sourceTree = "<group>"; };
		7AD13D32202246E000E3DDB4 /* Timer.hpp */ = {isa = PBXFileReference; lastKnownFileType = sourcecode.cpp.h; path = Timer.hpp; sourceTree = "<group>"; };
		7AD13D3520224D1C00E3DDB4 /* CrimeData.cpp */ = {isa = PBXFileReference; fileEncoding = 4; lastKnownFileType = sourcecode.cpp.cpp; path = CrimeData.cpp; sourceTree = "<group>"; };
		7AD13D3620224D1C00E3DDB4 /* CrimeData.hpp */ = {isa = PBXFileReference; fileEncoding = 4; lastKnownFileType = sourcecode.cpp.h; path = CrimeData.hpp; sourceTree = "<group>"; };
		7AD13D3820224D5700E3DDB4 /* crime.csv */ = {isa = PBXFileReference; fileEncoding = 4; lastKnownFileType = text; path = crime.csv; sourceTree = "<group>"; };
		7AD13D3920224DD300E3DDB4 /* FileController.cpp */ = {isa = PBXFileReference; lastKnownFileType = sourcecode.cpp.cpp; path = FileController.cpp; sourceTree = "<group>"; };
		7AD13D3A20224DD300E3DDB4 /* FileController.hpp */ = {isa = PBXFileReference; lastKnownFileType = sourcecode.cpp.h; path = FileController.hpp; sourceTree = "<group>"; };
/* End PBXFileReference section */

/* Begin PBXFrameworksBuildPhase section */
		7AD13D1C2022434900E3DDB4 /* Frameworks */ = {
			isa = PBXFrameworksBuildPhase;
			buildActionMask = 2147483647;
			files = (
			);
			runOnlyForDeploymentPostprocessing = 0;
		};
/* End PBXFrameworksBuildPhase section */

/* Begin PBXGroup section */
		7A1E8458202A3383007B6444 /* Testers */ = {
			isa = PBXGroup;
			children = (
				7A1E8459202A33A6007B6444 /* ArrayTester.cpp */,
				7A1E845A202A33A6007B6444 /* ArrayTester.hpp */,
			);
			path = Testers;
			sourceTree = "<group>";
		};
		7A1E845C202A41B0007B6444 /* Nodes */ = {
			isa = PBXGroup;
			children = (
				7A1E845D202A41CA007B6444 /* Node.hpp */,
				7A1E845E202A43C2007B6444 /* LinearNode.hpp */,
			);
			path = Nodes;
			sourceTree = "<group>";
		};
		7A2CE0372024ED91003186DE /* Model */ = {
			isa = PBXGroup;
			children = (
				7A1E845C202A41B0007B6444 /* Nodes */,
				7A2CE0382024EDB8003186DE /* Structures */,
			);
			path = Model;
			sourceTree = "<group>";
		};
		7A2CE0382024EDB8003186DE /* Structures */ = {
			isa = PBXGroup;
			children = (
				7A2CE03A2024EE4D003186DE /* Array.hpp */,
			);
			path = Structures;
			sourceTree = "<group>";
		};
		7AD13D162022434900E3DDB4 = {
			isa = PBXGroup;
			children = (
				7AD13D212022434900E3DDB4 /* DataStructureProject */,
				7AD13D202022434900E3DDB4 /* Products */,
			);
			sourceTree = "<group>";
		};
		7AD13D202022434900E3DDB4 /* Products */ = {
			isa = PBXGroup;
			children = (
				7AD13D1F2022434900E3DDB4 /* DataStructureProject */,
			);
			name = Products;
			sourceTree = "<group>";
		};
		7AD13D212022434900E3DDB4 /* DataStructureProject */ = {
			isa = PBXGroup;
			children = (
				7A5F85A2202CD72A00C71FB0 /* Node UML.uxf */,
				7A1E8458202A3383007B6444 /* Testers */,
				7AD13D2D202243D200E3DDB4 /* Runner.cpp */,
				7AD13D3420224C9D00E3DDB4 /* Data */,
				7AD13D292022439400E3DDB4 /* Controller */,
				7A2CE0372024ED91003186DE /* Model */,
			);
			path = DataStructureProject;
			sourceTree = "<group>";
		};
		7AD13D292022439400E3DDB4 /* Controller */ = {
			isa = PBXGroup;
			children = (
				7AD13D30202246BA00E3DDB4 /* Tools */,
				7AD13D2A202243BF00E3DDB4 /* Controller.cpp */,
				7AD13D2B202243BF00E3DDB4 /* Controller.hpp */,
				7AD13D3920224DD300E3DDB4 /* FileController.cpp */,
				7AD13D3A20224DD300E3DDB4 /* FileController.hpp */,
			);
			path = Controller;
			sourceTree = "<group>";
		};
		7AD13D30202246BA00E3DDB4 /* Tools */ = {
			isa = PBXGroup;
			children = (
				7AD13D31202246E000E3DDB4 /* Timer.cpp */,
				7AD13D32202246E000E3DDB4 /* Timer.hpp */,
			);
			path = Tools;
			sourceTree = "<group>";
		};
		7AD13D3420224C9D00E3DDB4 /* Data */ = {
			isa = PBXGroup;
			children = (
				7AD13D3820224D5700E3DDB4 /* crime.csv */,
				7AD13D3520224D1C00E3DDB4 /* CrimeData.cpp */,
				7AD13D3620224D1C00E3DDB4 /* CrimeData.hpp */,
			);
			path = Data;
			sourceTree = "<group>";
		};
/* End PBXGroup section */

/* Begin PBXNativeTarget section */
		7AD13D1E2022434900E3DDB4 /* DataStructureProject */ = {
			isa = PBXNativeTarget;
			buildConfigurationList = 7AD13D262022434900E3DDB4 /* Build configuration list for PBXNativeTarget "DataStructureProject" */;
			buildPhases = (
				7AD13D1B2022434900E3DDB4 /* Sources */,
				7AD13D1C2022434900E3DDB4 /* Frameworks */,
				7AD13D1D2022434900E3DDB4 /* CopyFiles */,
			);
			buildRules = (
			);
			dependencies = (
			);
			name = DataStructureProject;
			productName = DataStructureProject;
			productReference = 7AD13D1F2022434900E3DDB4 /* DataStructureProject */;
			productType = "com.apple.product-type.tool";
		};
/* End PBXNativeTarget section */

/* Begin PBXProject section */
		7AD13D172022434900E3DDB4 /* Project object */ = {
			isa = PBXProject;
			attributes = {
				LastUpgradeCheck = 0900;
				ORGANIZATIONNAME = CTEC;
				TargetAttributes = {
					7AD13D1E2022434900E3DDB4 = {
						CreatedOnToolsVersion = 9.0;
						ProvisioningStyle = Automatic;
					};
				};
			};
			buildConfigurationList = 7AD13D1A2022434900E3DDB4 /* Build configuration list for PBXProject "DataStructureProject" */;
			compatibilityVersion = "Xcode 8.0";
			developmentRegion = en;
			hasScannedForEncodings = 0;
			knownRegions = (
				en,
			);
			mainGroup = 7AD13D162022434900E3DDB4;
			productRefGroup = 7AD13D202022434900E3DDB4 /* Products */;
			projectDirPath = "";
			projectRoot = "";
			targets = (
				7AD13D1E2022434900E3DDB4 /* DataStructureProject */,
			);
		};
/* End PBXProject section */

/* Begin PBXSourcesBuildPhase section */
		7AD13D1B2022434900E3DDB4 /* Sources */ = {
			isa = PBXSourcesBuildPhase;
			buildActionMask = 2147483647;
			files = (
				7AD13D3720224D1C00E3DDB4 /* CrimeData.cpp in Sources */,
				7AD13D33202246E000E3DDB4 /* Timer.cpp in Sources */,
				7AD13D3B20224DD300E3DDB4 /* FileController.cpp in Sources */,
				7AD13D2E202243D200E3DDB4 /* Runner.cpp in Sources */,
				7A1E845B202A33A6007B6444 /* ArrayTester.cpp in Sources */,
				7AD13D2C202243BF00E3DDB4 /* Controller.cpp in Sources */,
			);
			runOnlyForDeploymentPostprocessing = 0;
		};
/* End PBXSourcesBuildPhase section */

/* Begin XCBuildConfiguration section */
		7AD13D242022434900E3DDB4 /* Debug */ = {
			isa = XCBuildConfiguration;
			buildSettings = {
				ALWAYS_SEARCH_USER_PATHS = NO;
				CLANG_ANALYZER_NONNULL = YES;
				CLANG_ANALYZER_NUMBER_OBJECT_CONVERSION = YES_AGGRESSIVE;
				CLANG_CXX_LANGUAGE_STANDARD = "gnu++14";
				CLANG_CXX_LIBRARY = "libc++";
				CLANG_ENABLE_MODULES = YES;
				CLANG_ENABLE_OBJC_ARC = YES;
				CLANG_WARN_BLOCK_CAPTURE_AUTORELEASING = YES;
				CLANG_WARN_BOOL_CONVERSION = YES;
				CLANG_WARN_COMMA = YES;
				CLANG_WARN_CONSTANT_CONVERSION = YES;
				CLANG_WARN_DIRECT_OBJC_ISA_USAGE = YES_ERROR;
				CLANG_WARN_DOCUMENTATION_COMMENTS = YES;
				CLANG_WARN_EMPTY_BODY = YES;
				CLANG_WARN_ENUM_CONVERSION = YES;
				CLANG_WARN_INFINITE_RECURSION = YES;
				CLANG_WARN_INT_CONVERSION = YES;
				CLANG_WARN_NON_LITERAL_NULL_CONVERSION = YES;
				CLANG_WARN_OBJC_LITERAL_CONVERSION = YES;
				CLANG_WARN_OBJC_ROOT_CLASS = YES_ERROR;
				CLANG_WARN_RANGE_LOOP_ANALYSIS = YES;
				CLANG_WARN_STRICT_PROTOTYPES = YES;
				CLANG_WARN_SUSPICIOUS_MOVE = YES;
				CLANG_WARN_UNGUARDED_AVAILABILITY = YES_AGGRESSIVE;
				CLANG_WARN_UNREACHABLE_CODE = YES;
				CLANG_WARN__DUPLICATE_METHOD_MATCH = YES;
				CODE_SIGN_IDENTITY = "-";
				COPY_PHASE_STRIP = NO;
				DEBUG_INFORMATION_FORMAT = dwarf;
				ENABLE_STRICT_OBJC_MSGSEND = YES;
				ENABLE_TESTABILITY = YES;
				GCC_C_LANGUAGE_STANDARD = gnu11;
				GCC_DYNAMIC_NO_PIC = NO;
				GCC_NO_COMMON_BLOCKS = YES;
				GCC_OPTIMIZATION_LEVEL = 0;
				GCC_PREPROCESSOR_DEFINITIONS = (
					"DEBUG=1",
					"$(inherited)",
				);
				GCC_WARN_64_TO_32_BIT_CONVERSION = YES;
				GCC_WARN_ABOUT_RETURN_TYPE = YES_ERROR;
				GCC_WARN_UNDECLARED_SELECTOR = YES;
				GCC_WARN_UNINITIALIZED_AUTOS = YES_AGGRESSIVE;
				GCC_WARN_UNUSED_FUNCTION = YES;
				GCC_WARN_UNUSED_VARIABLE = YES;
				MACOSX_DEPLOYMENT_TARGET = 10.12;
				MTL_ENABLE_DEBUG_INFO = YES;
				ONLY_ACTIVE_ARCH = YES;
				SDKROOT = macosx;
			};
			name = Debug;
		};
		7AD13D252022434900E3DDB4 /* Release */ = {
			isa = XCBuildConfiguration;
			buildSettings = {
				ALWAYS_SEARCH_USER_PATHS = NO;
				CLANG_ANALYZER_NONNULL = YES;
				CLANG_ANALYZER_NUMBER_OBJECT_CONVERSION = YES_AGGRESSIVE;
				CLANG_CXX_LANGUAGE_STANDARD = "gnu++14";
				CLANG_CXX_LIBRARY = "libc++";
				CLANG_ENABLE_MODULES = YES;
				CLANG_ENABLE_OBJC_ARC = YES;
				CLANG_WARN_BLOCK_CAPTURE_AUTORELEASING = YES;
				CLANG_WARN_BOOL_CONVERSION = YES;
				CLANG_WARN_COMMA = YES;
				CLANG_WARN_CONSTANT_CONVERSION = YES;
				CLANG_WARN_DIRECT_OBJC_ISA_USAGE = YES_ERROR;
				CLANG_WARN_DOCUMENTATION_COMMENTS = YES;
				CLANG_WARN_EMPTY_BODY = YES;
				CLANG_WARN_ENUM_CONVERSION = YES;
				CLANG_WARN_INFINITE_RECURSION = YES;
				CLANG_WARN_INT_CONVERSION = YES;
				CLANG_WARN_NON_LITERAL_NULL_CONVERSION = YES;
				CLANG_WARN_OBJC_LITERAL_CONVERSION = YES;
				CLANG_WARN_OBJC_ROOT_CLASS = YES_ERROR;
				CLANG_WARN_RANGE_LOOP_ANALYSIS = YES;
				CLANG_WARN_STRICT_PROTOTYPES = YES;
				CLANG_WARN_SUSPICIOUS_MOVE = YES;
				CLANG_WARN_UNGUARDED_AVAILABILITY = YES_AGGRESSIVE;
				CLANG_WARN_UNREACHABLE_CODE = YES;
				CLANG_WARN__DUPLICATE_METHOD_MATCH = YES;
				CODE_SIGN_IDENTITY = "-";
				COPY_PHASE_STRIP = NO;
				DEBUG_INFORMATION_FORMAT = "dwarf-with-dsym";
				ENABLE_NS_ASSERTIONS = NO;
				ENABLE_STRICT_OBJC_MSGSEND = YES;
				GCC_C_LANGUAGE_STANDARD = gnu11;
				GCC_NO_COMMON_BLOCKS = YES;
				GCC_WARN_64_TO_32_BIT_CONVERSION = YES;
				GCC_WARN_ABOUT_RETURN_TYPE = YES_ERROR;
				GCC_WARN_UNDECLARED_SELECTOR = YES;
				GCC_WARN_UNINITIALIZED_AUTOS = YES_AGGRESSIVE;
				GCC_WARN_UNUSED_FUNCTION = YES;
				GCC_WARN_UNUSED_VARIABLE = YES;
				MACOSX_DEPLOYMENT_TARGET = 10.12;
				MTL_ENABLE_DEBUG_INFO = NO;
				SDKROOT = macosx;
			};
			name = Release;
		};
		7AD13D272022434900E3DDB4 /* Debug */ = {
			isa = XCBuildConfiguration;
			buildSettings = {
				CODE_SIGN_STYLE = Automatic;
				PRODUCT_NAME = "$(TARGET_NAME)";
			};
			name = Debug;
		};
		7AD13D282022434900E3DDB4 /* Release */ = {
			isa = XCBuildConfiguration;
			buildSettings = {
				CODE_SIGN_STYLE = Automatic;
				PRODUCT_NAME = "$(TARGET_NAME)";
			};
			name = Release;
		};
/* End XCBuildConfiguration section */

/* Begin XCConfigurationList section */
		7AD13D1A2022434900E3DDB4 /* Build configuration list for PBXProject "DataStructureProject" */ = {
			isa = XCConfigurationList;
			buildConfigurations = (
				7AD13D242022434900E3DDB4 /* Debug */,
				7AD13D252022434900E3DDB4 /* Release */,
			);
			defaultConfigurationIsVisible = 0;
			defaultConfigurationName = Release;
		};
		7AD13D262022434900E3DDB4 /* Build configuration list for PBXNativeTarget "DataStructureProject" */ = {
			isa = XCConfigurationList;
			buildConfigurations = (
				7AD13D272022434900E3DDB4 /* Debug */,
				7AD13D282022434900E3DDB4 /* Release */,
			);
			defaultConfigurationIsVisible = 0;
			defaultConfigurationName = Release;
		};
/* End XCConfigurationList section */
	};
	rootObject = 7AD13D172022434900E3DDB4 /* Project object */;
}
